
Microsoft Visual Studio Solution File, Format Version 12.00
# Visual Studio 15
VisualStudioVersion = 15.0.28307.168
MinimumVisualStudioVersion = 10.0.40219.1
Project("{FAE04EC0-301F-11D3-BF4B-00C04F79EFBC}") = "DataList", "DataList\DataList.csproj", "{74318BD2-99D4-4AB0-9BC3-4432FBA80DCC}"
EndProject
Global
	GlobalSection(SolutionConfigurationPlatforms) = preSolution
		Debug|Any CPU = Debug|Any CPU
		Release|Any CPU = Release|Any CPU
	EndGlobalSection
	GlobalSection(ProjectConfigurationPlatforms) = postSolution
		{74318BD2-99D4-4AB0-9BC3-4432FBA80DCC}.Debug|Any CPU.ActiveCfg = Debug|Any CPU
		{74318BD2-99D4-4AB0-9BC3-4432FBA80DCC}.Debug|Any CPU.Build.0 = Debug|Any CPU
		{74318BD2-99D4-4AB0-9BC3-4432FBA80DCC}.Release|Any CPU.ActiveCfg = Release|Any CPU
		{74318BD2-99D4-4AB0-9BC3-4432FBA80DCC}.Release|Any CPU.Build.0 = Release|Any CPU
	EndGlobalSection
	GlobalSection(SolutionProperties) = preSolution
		HideSolutionNode = FALSE
	EndGlobalSection
	GlobalSection(ExtensibilityGlobals) = postSolution
		SolutionGuid = {E24D84EA-A585-40B2-B1CA-C954B0972E45}
	EndGlobalSection
EndGlobal
